# THIS IS AN AUTOGENERATED FILE. DO NOT EDIT THIS FILE DIRECTLY.
# yarn lockfile v1


sugar-core@^2.0.0:
  version "2.0.4"
  resolved "https://registry.yarnpkg.com/sugar-core/-/sugar-core-2.0.4.tgz#9db0730e6c47eb7d28184a79c4ab18b2b7946ca0"

sugar@^2.0.6:
  version "2.0.6"
  resolved "https://registry.yarnpkg.com/sugar/-/sugar-2.0.6.tgz#aa08e389add27109fb35718598313e0503a4fc39"
  dependencies:
    sugar-core "^2.0.0"

typescript@^3.5.2:
  version "3.5.2"
  resolved "https://registry.yarnpkg.com/typescript/-/typescript-3.5.2.tgz#a09e1dc69bc9551cadf17dba10ee42cf55e5d56c"
